
Microsoft Visual Studio Solution File, Format Version 12.00
# Visual Studio Version 17
VisualStudioVersion = 17.7.34221.43
MinimumVisualStudioVersion = 10.0.40219.1
Project("{FAE04EC0-301F-11D3-BF4B-00C04F79EFBC}") = "HeatUI", "HeatUI\HeatUI.csproj", "{F7836915-ED8E-483A-8A17-4EDD108BDCCA}"
EndProject
Global
	GlobalSection(SolutionConfigurationPlatforms) = preSolution
		Debug|Any CPU = Debug|Any CPU
		Release|Any CPU = Release|Any CPU
	EndGlobalSection
	GlobalSection(ProjectConfigurationPlatforms) = postSolution
		{F7836915-ED8E-483A-8A17-4EDD108BDCCA}.Debug|Any CPU.ActiveCfg = Debug|Any CPU
		{F7836915-ED8E-483A-8A17-4EDD108BDCCA}.Debug|Any CPU.Build.0 = Debug|Any CPU
		{F7836915-ED8E-483A-8A17-4EDD108BDCCA}.Release|Any CPU.ActiveCfg = Release|Any CPU
		{F7836915-ED8E-483A-8A17-4EDD108BDCCA}.Release|Any CPU.Build.0 = Release|Any CPU
	EndGlobalSection
	GlobalSection(SolutionProperties) = preSolution
		HideSolutionNode = FALSE
	EndGlobalSection
	GlobalSection(ExtensibilityGlobals) = postSolution
		SolutionGuid = {8C40295E-A91F-4AB1-9705-B691C6529560}
	EndGlobalSection
EndGlobal
